
Microsoft Visual Studio Solution File, Format Version 12.00
# Visual Studio 14
VisualStudioVersion = 14.0.24720.0
MinimumVisualStudioVersion = 10.0.40219.1
Project("{FAE04EC0-301F-11D3-BF4B-00C04F79EFBC}") = "LibraryBookAuthor", "LibraryBookAuthor\LibraryBookAuthor.csproj", "{DB5F0F4C-8155-43A1-A34B-1EE9E721292D}"
EndProject
Project("{FAE04EC0-301F-11D3-BF4B-00C04F79EFBC}") = "AuthorsDBActions", "AuthorsDBActions\AuthorsDBActions.csproj", "{DDD0C921-6D4F-467E-A54E-3CC2BEDE5817}"
EndProject
Project("{FAE04EC0-301F-11D3-BF4B-00C04F79EFBC}") = "BooksDBActions", "BooksDBActions\BooksDBActions.csproj", "{95062218-CEDC-4844-82D9-B5132788EC11}"
EndProject
Project("{FAE04EC0-301F-11D3-BF4B-00C04F79EFBC}") = "RESTfulService", "RESTfulService\RESTfulService.csproj", "{E5DA5A58-D1F6-49DF-A415-7285D428C97E}"
EndProject
Global
	GlobalSection(SolutionConfigurationPlatforms) = preSolution
		Debug|Any CPU = Debug|Any CPU
		Release|Any CPU = Release|Any CPU
	EndGlobalSection
	GlobalSection(ProjectConfigurationPlatforms) = postSolution
		{DB5F0F4C-8155-43A1-A34B-1EE9E721292D}.Debug|Any CPU.ActiveCfg = Debug|Any CPU
		{DB5F0F4C-8155-43A1-A34B-1EE9E721292D}.Debug|Any CPU.Build.0 = Debug|Any CPU
		{DB5F0F4C-8155-43A1-A34B-1EE9E721292D}.Release|Any CPU.ActiveCfg = Release|Any CPU
		{DB5F0F4C-8155-43A1-A34B-1EE9E721292D}.Release|Any CPU.Build.0 = Release|Any CPU
		{DDD0C921-6D4F-467E-A54E-3CC2BEDE5817}.Debug|Any CPU.ActiveCfg = Debug|Any CPU
		{DDD0C921-6D4F-467E-A54E-3CC2BEDE5817}.Debug|Any CPU.Build.0 = Debug|Any CPU
		{DDD0C921-6D4F-467E-A54E-3CC2BEDE5817}.Release|Any CPU.ActiveCfg = Release|Any CPU
		{DDD0C921-6D4F-467E-A54E-3CC2BEDE5817}.Release|Any CPU.Build.0 = Release|Any CPU
		{95062218-CEDC-4844-82D9-B5132788EC11}.Debug|Any CPU.ActiveCfg = Debug|Any CPU
		{95062218-CEDC-4844-82D9-B5132788EC11}.Debug|Any CPU.Build.0 = Debug|Any CPU
		{95062218-CEDC-4844-82D9-B5132788EC11}.Release|Any CPU.ActiveCfg = Release|Any CPU
		{95062218-CEDC-4844-82D9-B5132788EC11}.Release|Any CPU.Build.0 = Release|Any CPU
		{E5DA5A58-D1F6-49DF-A415-7285D428C97E}.Debug|Any CPU.ActiveCfg = Debug|Any CPU
		{E5DA5A58-D1F6-49DF-A415-7285D428C97E}.Debug|Any CPU.Build.0 = Debug|Any CPU
		{E5DA5A58-D1F6-49DF-A415-7285D428C97E}.Release|Any CPU.ActiveCfg = Release|Any CPU
		{E5DA5A58-D1F6-49DF-A415-7285D428C97E}.Release|Any CPU.Build.0 = Release|Any CPU
	EndGlobalSection
	GlobalSection(SolutionProperties) = preSolution
		HideSolutionNode = FALSE
	EndGlobalSection
EndGlobal
